
Microsoft Visual Studio Solution File, Format Version 12.00
# Visual Studio Version 17
VisualStudioVersion = 17.0.32014.148
MinimumVisualStudioVersion = 10.0.40219.1
Project("{FAE04EC0-301F-11D3-BF4B-00C04F79EFBC}") = "errai-pasifik", "errai-pasifik\errai-pasifik.csproj", "{B5706D78-0870-4AFD-A40A-C10F1C24D38B}"
EndProject
Global
	GlobalSection(SolutionConfigurationPlatforms) = preSolution
		Debug|Any CPU = Debug|Any CPU
		Release|Any CPU = Release|Any CPU
	EndGlobalSection
	GlobalSection(ProjectConfigurationPlatforms) = postSolution
		{B5706D78-0870-4AFD-A40A-C10F1C24D38B}.Debug|Any CPU.ActiveCfg = Debug|Any CPU
		{B5706D78-0870-4AFD-A40A-C10F1C24D38B}.Debug|Any CPU.Build.0 = Debug|Any CPU
		{B5706D78-0870-4AFD-A40A-C10F1C24D38B}.Release|Any CPU.ActiveCfg = Release|Any CPU
		{B5706D78-0870-4AFD-A40A-C10F1C24D38B}.Release|Any CPU.Build.0 = Release|Any CPU
	EndGlobalSection
	GlobalSection(SolutionProperties) = preSolution
		HideSolutionNode = FALSE
	EndGlobalSection
	GlobalSection(ExtensibilityGlobals) = postSolution
		SolutionGuid = {8439681B-325D-4523-A946-76064DB6434F}
	EndGlobalSection
EndGlobal
